
Microsoft Visual Studio Solution File, Format Version 12.00
# Visual Studio Version 16
VisualStudioVersion = 16.0.32002.261
MinimumVisualStudioVersion = 10.0.40219.1
Project("{8BC9CEB8-8B4A-11D0-8D11-00A0C91BC942}") = "scn_1", "scn_1\scn_1.vcxproj", "{E0481282-A2BE-4890-B178-D1712B3E498E}"
EndProject
Global
	GlobalSection(SolutionConfigurationPlatforms) = preSolution
		Debug|x64 = Debug|x64
	EndGlobalSection
	GlobalSection(ProjectConfigurationPlatforms) = postSolution
		{E0481282-A2BE-4890-B178-D1712B3E498E}.Debug|x64.ActiveCfg = Debug|x64
		{E0481282-A2BE-4890-B178-D1712B3E498E}.Debug|x64.Build.0 = Debug|x64
	EndGlobalSection
	GlobalSection(SolutionProperties) = preSolution
		HideSolutionNode = FALSE
	EndGlobalSection
	GlobalSection(ExtensibilityGlobals) = postSolution
		SolutionGuid = {8C7ACFE4-77BF-470D-814A-8E4883326049}
	EndGlobalSection
EndGlobal
